
Microsoft Visual Studio Solution File, Format Version 12.00
# Visual Studio 14
VisualStudioVersion = 14.0.25123.0
MinimumVisualStudioVersion = 10.0.40219.1
Project("{DA7A21FA-8162-4350-AD77-A8D1B671F3ED}") = "R-cadence", "R-cadence.rxproj", "{E6671D67-9FA4-472E-BF08-0E7FF10B93BE}"
EndProject
Global
	GlobalSection(SolutionConfigurationPlatforms) = preSolution
		Debug|Any CPU = Debug|Any CPU
		Release|Any CPU = Release|Any CPU
	EndGlobalSection
	GlobalSection(ProjectConfigurationPlatforms) = postSolution
		{E6671D67-9FA4-472E-BF08-0E7FF10B93BE}.Debug|Any CPU.ActiveCfg = Debug|Any CPU
		{E6671D67-9FA4-472E-BF08-0E7FF10B93BE}.Debug|Any CPU.Build.0 = Debug|Any CPU
		{E6671D67-9FA4-472E-BF08-0E7FF10B93BE}.Release|Any CPU.ActiveCfg = Release|Any CPU
		{E6671D67-9FA4-472E-BF08-0E7FF10B93BE}.Release|Any CPU.Build.0 = Release|Any CPU
	EndGlobalSection
	GlobalSection(SolutionProperties) = preSolution
		HideSolutionNode = FALSE
	EndGlobalSection
EndGlobal
